{
  "name": "price-sensor",
  "version": "1.0.0",
  "lockfileVersion": 2,
  "requires": true,
  "packages": {
    "": {
      "name": "price-sensor",
      "version": "1.0.0",
      "license": "ISC",
      "dependencies": {
        "@mangrovedao/mangrove-core": "^1.5.7-0"
      }
    },
    "node_modules/@mangrovedao/mangrove-core": {
      "version": "1.5.7-0",
      "resolved": "https://registry.npmjs.org/@mangrovedao/mangrove-core/-/mangrove-core-1.5.7-0.tgz",
      "integrity": "sha512-VUs77E4A1kRjQt03uguL6NdDIYI5jQs1jp5AU60ZxWvnDP4XZFv889IHUdIGbvTezGfJO+KQ8pWrw6tFZMjWbA=="
    }
  },
  "dependencies": {
    "@mangrovedao/mangrove-core": {
      "version": "1.5.7-0",
      "resolved": "https://registry.npmjs.org/@mangrovedao/mangrove-core/-/mangrove-core-1.5.7-0.tgz",
      "integrity": "sha512-VUs77E4A1kRjQt03uguL6NdDIYI5jQs1jp5AU60ZxWvnDP4XZFv889IHUdIGbvTezGfJO+KQ8pWrw6tFZMjWbA=="
    }
  }
}
