{
  "name": "mangrove-tutorial",
  "version": "1.0.0",
  "lockfileVersion": 3,
  "requires": true,
  "packages": {
    "": {
      "name": "mangrove-tutorial",
      "version": "1.0.0",
      "license": "ISC",
      "dependencies": {
        "@mangrovedao/mangrove-core": "^1.5.1-1"
      }
    },
    "node_modules/@mangrovedao/mangrove-core": {
      "version": "1.5.1-1",
      "resolved": "https://registry.npmjs.org/@mangrovedao/mangrove-core/-/mangrove-core-1.5.1-1.tgz",
      "integrity": "sha512-tFYPnF9SXHDMZWp2OlK1jTtFl40LwjyAVurPFIvuM0yQZvvw+LANAbd4QhZTVZWSsZZXNBVXGlnhp2yk4FFEmQ=="
    }
  }
}
